
Microsoft Visual Studio Solution File, Format Version 12.00
# Visual Studio 15
VisualStudioVersion = 15.0.28307.645
MinimumVisualStudioVersion = 10.0.40219.1
Project("{FAE04EC0-301F-11D3-BF4B-00C04F79EFBC}") = "DocDB", "DocDB.csproj", "{201B6DB9-BE7E-4BDD-8B8A-A34B14E7E5FF}"
EndProject
Global
	GlobalSection(SolutionConfigurationPlatforms) = preSolution
		Debug|Any CPU = Debug|Any CPU
		Release|Any CPU = Release|Any CPU
	EndGlobalSection
	GlobalSection(ProjectConfigurationPlatforms) = postSolution
		{201B6DB9-BE7E-4BDD-8B8A-A34B14E7E5FF}.Debug|Any CPU.ActiveCfg = Debug|Any CPU
		{201B6DB9-BE7E-4BDD-8B8A-A34B14E7E5FF}.Debug|Any CPU.Build.0 = Debug|Any CPU
		{201B6DB9-BE7E-4BDD-8B8A-A34B14E7E5FF}.Release|Any CPU.ActiveCfg = Release|Any CPU
		{201B6DB9-BE7E-4BDD-8B8A-A34B14E7E5FF}.Release|Any CPU.Build.0 = Release|Any CPU
	EndGlobalSection
	GlobalSection(SolutionProperties) = preSolution
		HideSolutionNode = FALSE
	EndGlobalSection
	GlobalSection(ExtensibilityGlobals) = postSolution
		SolutionGuid = {44621065-E5C6-47F5-B268-C9686B28AB82}
	EndGlobalSection
EndGlobal
